
Microsoft Visual Studio Solution File, Format Version 12.00
# Visual Studio Version 16
VisualStudioVersion = 16.0.31410.357
MinimumVisualStudioVersion = 10.0.40219.1
Project("{FAE04EC0-301F-11D3-BF4B-00C04F79EFBC}") = "Ahla", "Ahla\Ahla.csproj", "{26B3BE90-8D51-4410-BF42-EE8E9262CE9C}"
EndProject
Global
	GlobalSection(SolutionConfigurationPlatforms) = preSolution
		Debug|Any CPU = Debug|Any CPU
		Release|Any CPU = Release|Any CPU
	EndGlobalSection
	GlobalSection(ProjectConfigurationPlatforms) = postSolution
		{26B3BE90-8D51-4410-BF42-EE8E9262CE9C}.Debug|Any CPU.ActiveCfg = Debug|Any CPU
		{26B3BE90-8D51-4410-BF42-EE8E9262CE9C}.Debug|Any CPU.Build.0 = Debug|Any CPU
		{26B3BE90-8D51-4410-BF42-EE8E9262CE9C}.Release|Any CPU.ActiveCfg = Release|Any CPU
		{26B3BE90-8D51-4410-BF42-EE8E9262CE9C}.Release|Any CPU.Build.0 = Release|Any CPU
	EndGlobalSection
	GlobalSection(SolutionProperties) = preSolution
		HideSolutionNode = FALSE
	EndGlobalSection
	GlobalSection(ExtensibilityGlobals) = postSolution
		SolutionGuid = {783AFF88-F9C0-4BCE-92F7-5C870EA09DED}
	EndGlobalSection
EndGlobal
